
Microsoft Visual Studio Solution File, Format Version 12.00
# Visual Studio 15
VisualStudioVersion = 15.0.28307.271
MinimumVisualStudioVersion = 10.0.40219.1
Project("{FAE04EC0-301F-11D3-BF4B-00C04F79EFBC}") = "Bonus-2", "Bonus-2\Bonus-2.csproj", "{E0F77964-0696-4298-9F93-15B72320A390}"
EndProject
Global
	GlobalSection(SolutionConfigurationPlatforms) = preSolution
		Debug|Any CPU = Debug|Any CPU
		Release|Any CPU = Release|Any CPU
	EndGlobalSection
	GlobalSection(ProjectConfigurationPlatforms) = postSolution
		{E0F77964-0696-4298-9F93-15B72320A390}.Debug|Any CPU.ActiveCfg = Debug|Any CPU
		{E0F77964-0696-4298-9F93-15B72320A390}.Debug|Any CPU.Build.0 = Debug|Any CPU
		{E0F77964-0696-4298-9F93-15B72320A390}.Release|Any CPU.ActiveCfg = Release|Any CPU
		{E0F77964-0696-4298-9F93-15B72320A390}.Release|Any CPU.Build.0 = Release|Any CPU
	EndGlobalSection
	GlobalSection(SolutionProperties) = preSolution
		HideSolutionNode = FALSE
	EndGlobalSection
	GlobalSection(ExtensibilityGlobals) = postSolution
		SolutionGuid = {EFB7AE69-33CA-48D3-8016-EAD0D7092F09}
	EndGlobalSection
EndGlobal
