
Microsoft Visual Studio Solution File, Format Version 12.00
# Visual Studio 15
VisualStudioVersion = 15.0.28307.329
MinimumVisualStudioVersion = 10.0.40219.1
Project("{FAE04EC0-301F-11D3-BF4B-00C04F79EFBC}") = "Assignment-4-11", "Assignment-4-11\Assignment-4-11.csproj", "{643915C2-49AC-47DB-BA38-D9691393E42E}"
EndProject
Global
	GlobalSection(SolutionConfigurationPlatforms) = preSolution
		Debug|Any CPU = Debug|Any CPU
		Release|Any CPU = Release|Any CPU
	EndGlobalSection
	GlobalSection(ProjectConfigurationPlatforms) = postSolution
		{643915C2-49AC-47DB-BA38-D9691393E42E}.Debug|Any CPU.ActiveCfg = Debug|Any CPU
		{643915C2-49AC-47DB-BA38-D9691393E42E}.Debug|Any CPU.Build.0 = Debug|Any CPU
		{643915C2-49AC-47DB-BA38-D9691393E42E}.Release|Any CPU.ActiveCfg = Release|Any CPU
		{643915C2-49AC-47DB-BA38-D9691393E42E}.Release|Any CPU.Build.0 = Release|Any CPU
	EndGlobalSection
	GlobalSection(SolutionProperties) = preSolution
		HideSolutionNode = FALSE
	EndGlobalSection
	GlobalSection(ExtensibilityGlobals) = postSolution
		SolutionGuid = {353F3AF0-A803-4969-8363-A870A7A6411B}
	EndGlobalSection
EndGlobal
